// !$*UTF8*$!
{
	archiveVersion = 1;
	classes = {
	};
	objectVersion = 50;
	objects = {

/* Begin PBXBuildFile section */
		C570AFD8262E021E00EFDF04 /* AppDelegate.swift in Sources */ = {isa = PBXBuildFile; fileRef = C570AFD7262E021E00EFDF04 /* AppDelegate.swift */; };
		C570AFDA262E021E00EFDF04 /* SceneDelegate.swift in Sources */ = {isa = PBXBuildFile; fileRef = C570AFD9262E021E00EFDF04 /* SceneDelegate.swift */; };
		C570AFDC262E021E00EFDF04 /* ViewController.swift in Sources */ = {isa = PBXBuildFile; fileRef = C570AFDB262E021E00EFDF04 /* ViewController.swift */; };
		C570AFDF262E021E00EFDF04 /* Main.storyboard in Resources */ = {isa = PBXBuildFile; fileRef = C570AFDD262E021E00EFDF04 /* Main.storyboard */; };
		C570AFE1262E022000EFDF04 /* Assets.xcassets in Resources */ = {isa = PBXBuildFile; fileRef = C570AFE0262E022000EFDF04 /* Assets.xcassets */; };
		C570AFE4262E022000EFDF04 /* LaunchScreen.storyboard in Resources */ = {isa = PBXBuildFile; fileRef = C570AFE2262E022000EFDF04 /* LaunchScreen.storyboard */; };
		C570AFEE262E02A200EFDF04 /* CombineVC.swift in Sources */ = {isa = PBXBuildFile; fileRef = C570AFED262E02A200EFDF04 /* CombineVC.swift */; };
		C570B019262F5D4700EFDF04 /* CombineCardView.swift in Sources */ = {isa = PBXBuildFile; fileRef = C570B018262F5D4700EFDF04 /* CombineCardView.swift */; };
		C570B01E262F617100EFDF04 /* UIView.swift in Sources */ = {isa = PBXBuildFile; fileRef = C570B01D262F617100EFDF04 /* UIView.swift */; };
		C570B0212630A1CC00EFDF04 /* UILabel.swift in Sources */ = {isa = PBXBuildFile; fileRef = C570B0202630A1CC00EFDF04 /* UILabel.swift */; };
/* End PBXBuildFile section */

/* Begin PBXFileReference section */
		C570AFD4262E021E00EFDF04 /* Tinder Clone.app */ = {isa = PBXFileReference; explicitFileType = wrapper.application; includeInIndex = 0; path = "Tinder Clone.app"; sourceTree = BUILT_PRODUCTS_DIR; };
		C570AFD7262E021E00EFDF04 /* AppDelegate.swift */ = {isa = PBXFileReference; lastKnownFileType = sourcecode.swift; path = AppDelegate.swift; sourceTree = "<group>"; };
		C570AFD9262E021E00EFDF04 /* SceneDelegate.swift */ = {isa = PBXFileReference; lastKnownFileType = sourcecode.swift; path = SceneDelegate.swift; sourceTree = "<group>"; };
		C570AFDB262E021E00EFDF04 /* ViewController.swift */ = {isa = PBXFileReference; lastKnownFileType = sourcecode.swift; path = ViewController.swift; sourceTree = "<group>"; };
		C570AFDE262E021E00EFDF04 /* Base */ = {isa = PBXFileReference; lastKnownFileType = file.storyboard; name = Base; path = Base.lproj/Main.storyboard; sourceTree = "<group>"; };
		C570AFE0262E022000EFDF04 /* Assets.xcassets */ = {isa = PBXFileReference; lastKnownFileType = folder.assetcatalog; path = Assets.xcassets; sourceTree = "<group>"; };
		C570AFE3262E022000EFDF04 /* Base */ = {isa = PBXFileReference; lastKnownFileType = file.storyboard; name = Base; path = Base.lproj/LaunchScreen.storyboard; sourceTree = "<group>"; };
		C570AFE5262E022000EFDF04 /* Info.plist */ = {isa = PBXFileReference; lastKnownFileType = text.plist.xml; path = Info.plist; sourceTree = "<group>"; };
		C570AFED262E02A200EFDF04 /* CombineVC.swift */ = {isa = PBXFileReference; lastKnownFileType = sourcecode.swift; path = CombineVC.swift; sourceTree = "<group>"; };
		C570B018262F5D4700EFDF04 /* CombineCardView.swift */ = {isa = PBXFileReference; lastKnownFileType = sourcecode.swift; path = CombineCardView.swift; sourceTree = "<group>"; };
		C570B01D262F617100EFDF04 /* UIView.swift */ = {isa = PBXFileReference; fileEncoding = 4; lastKnownFileType = sourcecode.swift; path = UIView.swift; sourceTree = "<group>"; };
		C570B0202630A1CC00EFDF04 /* UILabel.swift */ = {isa = PBXFileReference; lastKnownFileType = sourcecode.swift; path = UILabel.swift; sourceTree = "<group>"; };
/* End PBXFileReference section */

/* Begin PBXFrameworksBuildPhase section */
		C570AFD1262E021E00EFDF04 /* Frameworks */ = {
			isa = PBXFrameworksBuildPhase;
			buildActionMask = 2147483647;
			files = (
			);
			runOnlyForDeploymentPostprocessing = 0;
		};
/* End PBXFrameworksBuildPhase section */

/* Begin PBXGroup section */
		C570AFCB262E021E00EFDF04 = {
			isa = PBXGroup;
			children = (
				C570AFD6262E021E00EFDF04 /* Tinder Clone */,
				C570AFD5262E021E00EFDF04 /* Products */,
			);
			sourceTree = "<group>";
		};
		C570AFD5262E021E00EFDF04 /* Products */ = {
			isa = PBXGroup;
			children = (
				C570AFD4262E021E00EFDF04 /* Tinder Clone.app */,
			);
			name = Products;
			sourceTree = "<group>";
		};
		C570AFD6262E021E00EFDF04 /* Tinder Clone */ = {
			isa = PBXGroup;
			children = (
				C570B01C262F612700EFDF04 /* Lib */,
				C570B017262F5D3A00EFDF04 /* View */,
				C570AFEC262E028D00EFDF04 /* Controller */,
				C570AFD7262E021E00EFDF04 /* AppDelegate.swift */,
				C570AFD9262E021E00EFDF04 /* SceneDelegate.swift */,
				C570AFDB262E021E00EFDF04 /* ViewController.swift */,
				C570AFDD262E021E00EFDF04 /* Main.storyboard */,
				C570AFE0262E022000EFDF04 /* Assets.xcassets */,
				C570AFE2262E022000EFDF04 /* LaunchScreen.storyboard */,
				C570AFE5262E022000EFDF04 /* Info.plist */,
			);
			path = "Tinder Clone";
			sourceTree = "<group>";
		};
		C570AFEC262E028D00EFDF04 /* Controller */ = {
			isa = PBXGroup;
			children = (
				C570AFED262E02A200EFDF04 /* CombineVC.swift */,
			);
			path = Controller;
			sourceTree = "<group>";
		};
		C570B017262F5D3A00EFDF04 /* View */ = {
			isa = PBXGroup;
			children = (
				C570B018262F5D4700EFDF04 /* CombineCardView.swift */,
			);
			path = View;
			sourceTree = "<group>";
		};
		C570B01C262F612700EFDF04 /* Lib */ = {
			isa = PBXGroup;
			children = (
				C570B01D262F617100EFDF04 /* UIView.swift */,
				C570B0202630A1CC00EFDF04 /* UILabel.swift */,
			);
			path = Lib;
			sourceTree = "<group>";
		};
/* End PBXGroup section */

/* Begin PBXNativeTarget section */
		C570AFD3262E021E00EFDF04 /* Tinder Clone */ = {
			isa = PBXNativeTarget;
			buildConfigurationList = C570AFE8262E022000EFDF04 /* Build configuration list for PBXNativeTarget "Tinder Clone" */;
			buildPhases = (
				C570AFD0262E021E00EFDF04 /* Sources */,
				C570AFD1262E021E00EFDF04 /* Frameworks */,
				C570AFD2262E021E00EFDF04 /* Resources */,
			);
			buildRules = (
			);
			dependencies = (
			);
			name = "Tinder Clone";
			productName = "Tinder Clone";
			productReference = C570AFD4262E021E00EFDF04 /* Tinder Clone.app */;
			productType = "com.apple.product-type.application";
		};
/* End PBXNativeTarget section */

/* Begin PBXProject section */
		C570AFCC262E021E00EFDF04 /* Project object */ = {
			isa = PBXProject;
			attributes = {
				LastSwiftUpdateCheck = 1240;
				LastUpgradeCheck = 1240;
				TargetAttributes = {
					C570AFD3262E021E00EFDF04 = {
						CreatedOnToolsVersion = 12.4;
					};
				};
			};
			buildConfigurationList = C570AFCF262E021E00EFDF04 /* Build configuration list for PBXProject "Tinder Clone" */;
			compatibilityVersion = "Xcode 9.3";
			developmentRegion = en;
			hasScannedForEncodings = 0;
			knownRegions = (
				en,
				Base,
			);
			mainGroup = C570AFCB262E021E00EFDF04;
			productRefGroup = C570AFD5262E021E00EFDF04 /* Products */;
			projectDirPath = "";
			projectRoot = "";
			targets = (
				C570AFD3262E021E00EFDF04 /* Tinder Clone */,
			);
		};
/* End PBXProject section */

/* Begin PBXResourcesBuildPhase section */
		C570AFD2262E021E00EFDF04 /* Resources */ = {
			isa = PBXResourcesBuildPhase;
			buildActionMask = 2147483647;
			files = (
				C570AFE4262E022000EFDF04 /* LaunchScreen.storyboard in Resources */,
				C570AFE1262E022000EFDF04 /* Assets.xcassets in Resources */,
				C570AFDF262E021E00EFDF04 /* Main.storyboard in Resources */,
			);
			runOnlyForDeploymentPostprocessing = 0;
		};
/* End PBXResourcesBuildPhase section */

/* Begin PBXSourcesBuildPhase section */
		C570AFD0262E021E00EFDF04 /* Sources */ = {
			isa = PBXSourcesBuildPhase;
			buildActionMask = 2147483647;
			files = (
				C570AFEE262E02A200EFDF04 /* CombineVC.swift in Sources */,
				C570AFDC262E021E00EFDF04 /* ViewController.swift in Sources */,
				C570B0212630A1CC00EFDF04 /* UILabel.swift in Sources */,
				C570B019262F5D4700EFDF04 /* CombineCardView.swift in Sources */,
				C570AFD8262E021E00EFDF04 /* AppDelegate.swift in Sources */,
				C570B01E262F617100EFDF04 /* UIView.swift in Sources */,
				C570AFDA262E021E00EFDF04 /* SceneDelegate.swift in Sources */,
			);
			runOnlyForDeploymentPostprocessing = 0;
		};
/* End PBXSourcesBuildPhase section */

/* Begin PBXVariantGroup section */
		C570AFDD262E021E00EFDF04 /* Main.storyboard */ = {
			isa = PBXVariantGroup;
			children = (
				C570AFDE262E021E00EFDF04 /* Base */,
			);
			name = Main.storyboard;
			sourceTree = "<group>";
		};
		C570AFE2262E022000EFDF04 /* LaunchScreen.storyboard */ = {
			isa = PBXVariantGroup;
			children = (
				C570AFE3262E022000EFDF04 /* Base */,
			);
			name = LaunchScreen.storyboard;
			sourceTree = "<group>";
		};
/* End PBXVariantGroup section */

/* Begin XCBuildConfiguration section */
		C570AFE6262E022000EFDF04 /* Debug */ = {
			isa = XCBuildConfiguration;
			buildSettings = {
				ALWAYS_SEARCH_USER_PATHS = NO;
				CLANG_ANALYZER_NONNULL = YES;
				CLANG_ANALYZER_NUMBER_OBJECT_CONVERSION = YES_AGGRESSIVE;
				CLANG_CXX_LANGUAGE_STANDARD = "gnu++14";
				CLANG_CXX_LIBRARY = "libc++";
				CLANG_ENABLE_MODULES = YES;
				CLANG_ENABLE_OBJC_ARC = YES;
				CLANG_ENABLE_OBJC_WEAK = YES;
				CLANG_WARN_BLOCK_CAPTURE_AUTORELEASING = YES;
				CLANG_WARN_BOOL_CONVERSION = YES;
				CLANG_WARN_COMMA = YES;
				CLANG_WARN_CONSTANT_CONVERSION = YES;
				CLANG_WARN_DEPRECATED_OBJC_IMPLEMENTATIONS = YES;
				CLANG_WARN_DIRECT_OBJC_ISA_USAGE = YES_ERROR;
				CLANG_WARN_DOCUMENTATION_COMMENTS = YES;
				CLANG_WARN_EMPTY_BODY = YES;
				CLANG_WARN_ENUM_CONVERSION = YES;
				CLANG_WARN_INFINITE_RECURSION = YES;
				CLANG_WARN_INT_CONVERSION = YES;
				CLANG_WARN_NON_LITERAL_NULL_CONVERSION = YES;
				CLANG_WARN_OBJC_IMPLICIT_RETAIN_SELF = YES;
				CLANG_WARN_OBJC_LITERAL_CONVERSION = YES;
				CLANG_WARN_OBJC_ROOT_CLASS = YES_ERROR;
				CLANG_WARN_QUOTED_INCLUDE_IN_FRAMEWORK_HEADER = YES;
				CLANG_WARN_RANGE_LOOP_ANALYSIS = YES;
				CLANG_WARN_STRICT_PROTOTYPES = YES;
				CLANG_WARN_SUSPICIOUS_MOVE = YES;
				CLANG_WARN_UNGUARDED_AVAILABILITY = YES_AGGRESSIVE;
				CLANG_WARN_UNREACHABLE_CODE = YES;
				CLANG_WARN__DUPLICATE_METHOD_MATCH = YES;
				COPY_PHASE_STRIP = NO;
				DEBUG_INFORMATION_FORMAT = dwarf;
				ENABLE_STRICT_OBJC_MSGSEND = YES;
				ENABLE_TESTABILITY = YES;
				GCC_C_LANGUAGE_STANDARD = gnu11;
				GCC_DYNAMIC_NO_PIC = NO;
				GCC_NO_COMMON_BLOCKS = YES;
				GCC_OPTIMIZATION_LEVEL = 0;
				GCC_PREPROCESSOR_DEFINITIONS = (
					"DEBUG=1",
					"$(inherited)",
				);
				GCC_WARN_64_TO_32_BIT_CONVERSION = YES;
				GCC_WARN_ABOUT_RETURN_TYPE = YES_ERROR;
				GCC_WARN_UNDECLARED_SELECTOR = YES;
				GCC_WARN_UNINITIALIZED_AUTOS = YES_AGGRESSIVE;
				GCC_WARN_UNUSED_FUNCTION = YES;
				GCC_WARN_UNUSED_VARIABLE = YES;
				IPHONEOS_DEPLOYMENT_TARGET = 14.4;
				MTL_ENABLE_DEBUG_INFO = INCLUDE_SOURCE;
				MTL_FAST_MATH = YES;
				ONLY_ACTIVE_ARCH = YES;
				SDKROOT = iphoneos;
				SWIFT_ACTIVE_COMPILATION_CONDITIONS = DEBUG;
				SWIFT_OPTIMIZATION_LEVEL = "-Onone";
			};
			name = Debug;
		};
		C570AFE7262E022000EFDF04 /* Release */ = {
			isa = XCBuildConfiguration;
			buildSettings = {
				ALWAYS_SEARCH_USER_PATHS = NO;
				CLANG_ANALYZER_NONNULL = YES;
				CLANG_ANALYZER_NUMBER_OBJECT_CONVERSION = YES_AGGRESSIVE;
				CLANG_CXX_LANGUAGE_STANDARD = "gnu++14";
				CLANG_CXX_LIBRARY = "libc++";
				CLANG_ENABLE_MODULES = YES;
				CLANG_ENABLE_OBJC_ARC = YES;
				CLANG_ENABLE_OBJC_WEAK = YES;
				CLANG_WARN_BLOCK_CAPTURE_AUTORELEASING = YES;
				CLANG_WARN_BOOL_CONVERSION = YES;
				CLANG_WARN_COMMA = YES;
				CLANG_WARN_CONSTANT_CONVERSION = YES;
				CLANG_WARN_DEPRECATED_OBJC_IMPLEMENTATIONS = YES;
				CLANG_WARN_DIRECT_OBJC_ISA_USAGE = YES_ERROR;
				CLANG_WARN_DOCUMENTATION_COMMENTS = YES;
				CLANG_WARN_EMPTY_BODY = YES;
				CLANG_WARN_ENUM_CONVERSION = YES;
				CLANG_WARN_INFINITE_RECURSION = YES;
				CLANG_WARN_INT_CONVERSION = YES;
				CLANG_WARN_NON_LITERAL_NULL_CONVERSION = YES;
				CLANG_WARN_OBJC_IMPLICIT_RETAIN_SELF = YES;
				CLANG_WARN_OBJC_LITERAL_CONVERSION = YES;
				CLANG_WARN_OBJC_ROOT_CLASS = YES_ERROR;
				CLANG_WARN_QUOTED_INCLUDE_IN_FRAMEWORK_HEADER = YES;
				CLANG_WARN_RANGE_LOOP_ANALYSIS = YES;
				CLANG_WARN_STRICT_PROTOTYPES = YES;
				CLANG_WARN_SUSPICIOUS_MOVE = YES;
				CLANG_WARN_UNGUARDED_AVAILABILITY = YES_AGGRESSIVE;
				CLANG_WARN_UNREACHABLE_CODE = YES;
				CLANG_WARN__DUPLICATE_METHOD_MATCH = YES;
				COPY_PHASE_STRIP = NO;
				DEBUG_INFORMATION_FORMAT = "dwarf-with-dsym";
				ENABLE_NS_ASSERTIONS = NO;
				ENABLE_STRICT_OBJC_MSGSEND = YES;
				GCC_C_LANGUAGE_STANDARD = gnu11;
				GCC_NO_COMMON_BLOCKS = YES;
				GCC_WARN_64_TO_32_BIT_CONVERSION = YES;
				GCC_WARN_ABOUT_RETURN_TYPE = YES_ERROR;
				GCC_WARN_UNDECLARED_SELECTOR = YES;
				GCC_WARN_UNINITIALIZED_AUTOS = YES_AGGRESSIVE;
				GCC_WARN_UNUSED_FUNCTION = YES;
				GCC_WARN_UNUSED_VARIABLE = YES;
				IPHONEOS_DEPLOYMENT_TARGET = 14.4;
				MTL_ENABLE_DEBUG_INFO = NO;
				MTL_FAST_MATH = YES;
				SDKROOT = iphoneos;
				SWIFT_COMPILATION_MODE = wholemodule;
				SWIFT_OPTIMIZATION_LEVEL = "-O";
				VALIDATE_PRODUCT = YES;
			};
			name = Release;
		};
		C570AFE9262E022000EFDF04 /* Debug */ = {
			isa = XCBuildConfiguration;
			buildSettings = {
				ASSETCATALOG_COMPILER_APPICON_NAME = AppIcon;
				ASSETCATALOG_COMPILER_GLOBAL_ACCENT_COLOR_NAME = AccentColor;
				CODE_SIGN_STYLE = Automatic;
				DEVELOPMENT_TEAM = KA74A9Q966;
				INFOPLIST_FILE = "Tinder Clone/Info.plist";
				LD_RUNPATH_SEARCH_PATHS = (
					"$(inherited)",
					"@executable_path/Frameworks",
				);
				PRODUCT_BUNDLE_IDENTIFIER = "Jean-Camargo.Tinder-Clone";
				PRODUCT_NAME = "$(TARGET_NAME)";
				SWIFT_VERSION = 5.0;
				TARGETED_DEVICE_FAMILY = "1,2";
			};
			name = Debug;
		};
		C570AFEA262E022000EFDF04 /* Release */ = {
			isa = XCBuildConfiguration;
			buildSettings = {
				ASSETCATALOG_COMPILER_APPICON_NAME = AppIcon;
				ASSETCATALOG_COMPILER_GLOBAL_ACCENT_COLOR_NAME = AccentColor;
				CODE_SIGN_STYLE = Automatic;
				DEVELOPMENT_TEAM = KA74A9Q966;
				INFOPLIST_FILE = "Tinder Clone/Info.plist";
				LD_RUNPATH_SEARCH_PATHS = (
					"$(inherited)",
					"@executable_path/Frameworks",
				);
				PRODUCT_BUNDLE_IDENTIFIER = "Jean-Camargo.Tinder-Clone";
				PRODUCT_NAME = "$(TARGET_NAME)";
				SWIFT_VERSION = 5.0;
				TARGETED_DEVICE_FAMILY = "1,2";
			};
			name = Release;
		};
/* End XCBuildConfiguration section */

/* Begin XCConfigurationList section */
		C570AFCF262E021E00EFDF04 /* Build configuration list for PBXProject "Tinder Clone" */ = {
			isa = XCConfigurationList;
			buildConfigurations = (
				C570AFE6262E022000EFDF04 /* Debug */,
				C570AFE7262E022000EFDF04 /* Release */,
			);
			defaultConfigurationIsVisible = 0;
			defaultConfigurationName = Release;
		};
		C570AFE8262E022000EFDF04 /* Build configuration list for PBXNativeTarget "Tinder Clone" */ = {
			isa = XCConfigurationList;
			buildConfigurations = (
				C570AFE9262E022000EFDF04 /* Debug */,
				C570AFEA262E022000EFDF04 /* Release */,
			);
			defaultConfigurationIsVisible = 0;
			defaultConfigurationName = Release;
		};
/* End XCConfigurationList section */
	};
	rootObject = C570AFCC262E021E00EFDF04 /* Project object */;
}
